
Microsoft Visual Studio Solution File, Format Version 12.00
# Visual Studio Version 16
VisualStudioVersion = 16.0.31424.327
MinimumVisualStudioVersion = 10.0.40219.1
Project("{FAE04EC0-301F-11D3-BF4B-00C04F79EFBC}") = "fakevirtualbg", "fakevirtualbg\fakevirtualbg.csproj", "{A3C2B7A8-270C-4962-A31E-B03F52BE6635}"
EndProject
Global
	GlobalSection(SolutionConfigurationPlatforms) = preSolution
		Debug|Any CPU = Debug|Any CPU
		Release|Any CPU = Release|Any CPU
	EndGlobalSection
	GlobalSection(ProjectConfigurationPlatforms) = postSolution
		{A3C2B7A8-270C-4962-A31E-B03F52BE6635}.Debug|Any CPU.ActiveCfg = Debug|Any CPU
		{A3C2B7A8-270C-4962-A31E-B03F52BE6635}.Debug|Any CPU.Build.0 = Debug|Any CPU
		{A3C2B7A8-270C-4962-A31E-B03F52BE6635}.Release|Any CPU.ActiveCfg = Release|Any CPU
		{A3C2B7A8-270C-4962-A31E-B03F52BE6635}.Release|Any CPU.Build.0 = Release|Any CPU
	EndGlobalSection
	GlobalSection(SolutionProperties) = preSolution
		HideSolutionNode = FALSE
	EndGlobalSection
	GlobalSection(ExtensibilityGlobals) = postSolution
		SolutionGuid = {71FD9702-3EDA-4561-815D-2C65C07A0CBE}
	EndGlobalSection
EndGlobal
